// !$*UTF8*$!
{
	archiveVersion = 1;
	classes = {
	};
	objectVersion = 46;
	objects = {

/* Begin PBXBuildFile section */
		EC8DF8851CFA9B680052A9EF /* main.m in Sources */ = {isa = PBXBuildFile; fileRef = EC8DF8841CFA9B680052A9EF /* main.m */; };
		EC8DF8881CFA9B680052A9EF /* AppDelegate.m in Sources */ = {isa = PBXBuildFile; fileRef = EC8DF8871CFA9B680052A9EF /* AppDelegate.m */; };
		EC8DF88B1CFA9B680052A9EF /* ViewController.m in Sources */ = {isa = PBXBuildFile; fileRef = EC8DF88A1CFA9B680052A9EF /* ViewController.m */; };
		EC8DF88E1CFA9B680052A9EF /* Main.storyboard in Resources */ = {isa = PBXBuildFile; fileRef = EC8DF88C1CFA9B680052A9EF /* Main.storyboard */; };
		EC8DF8901CFA9B680052A9EF /* Assets.xcassets in Resources */ = {isa = PBXBuildFile; fileRef = EC8DF88F1CFA9B680052A9EF /* Assets.xcassets */; };
		EC8DF8931CFA9B680052A9EF /* LaunchScreen.storyboard in Resources */ = {isa = PBXBuildFile; fileRef = EC8DF8911CFA9B680052A9EF /* LaunchScreen.storyboard */; };
		EC8DF8AD1CFAB7DD0052A9EF /* AsyncSocket.m in Sources */ = {isa = PBXBuildFile; fileRef = EC8DF89C1CFAB7DC0052A9EF /* AsyncSocket.m */; settings = {COMPILER_FLAGS = "-fno-objc-arc"; }; };
		EC8DF8AE1CFAB7DD0052A9EF /* DDData.m in Sources */ = {isa = PBXBuildFile; fileRef = EC8DF89E1CFAB7DC0052A9EF /* DDData.m */; settings = {COMPILER_FLAGS = "-fno-objc-arc"; }; };
		EC8DF8AF1CFAB7DD0052A9EF /* DDNumber.m in Sources */ = {isa = PBXBuildFile; fileRef = EC8DF8A01CFAB7DC0052A9EF /* DDNumber.m */; settings = {COMPILER_FLAGS = "-fno-objc-arc"; }; };
		EC8DF8B01CFAB7DD0052A9EF /* DDRange.m in Sources */ = {isa = PBXBuildFile; fileRef = EC8DF8A21CFAB7DC0052A9EF /* DDRange.m */; settings = {COMPILER_FLAGS = "-fno-objc-arc"; }; };
		EC8DF8B11CFAB7DD0052A9EF /* FileResource.m in Sources */ = {isa = PBXBuildFile; fileRef = EC8DF8A41CFAB7DC0052A9EF /* FileResource.m */; settings = {COMPILER_FLAGS = "-fno-objc-arc"; }; };
		EC8DF8B21CFAB7DD0052A9EF /* HTTPAuthenticationRequest.m in Sources */ = {isa = PBXBuildFile; fileRef = EC8DF8A61CFAB7DD0052A9EF /* HTTPAuthenticationRequest.m */; settings = {COMPILER_FLAGS = "-fno-objc-arc"; }; };
		EC8DF8B31CFAB7DD0052A9EF /* HTTPConnection.m in Sources */ = {isa = PBXBuildFile; fileRef = EC8DF8A81CFAB7DD0052A9EF /* HTTPConnection.m */; settings = {COMPILER_FLAGS = "-fno-objc-arc"; }; };
		EC8DF8B41CFAB7DD0052A9EF /* HTTPResponse.m in Sources */ = {isa = PBXBuildFile; fileRef = EC8DF8AA1CFAB7DD0052A9EF /* HTTPResponse.m */; settings = {COMPILER_FLAGS = "-fno-objc-arc"; }; };
		EC8DF8B51CFAB7DD0052A9EF /* HTTPServer.m in Sources */ = {isa = PBXBuildFile; fileRef = EC8DF8AC1CFAB7DD0052A9EF /* HTTPServer.m */; settings = {COMPILER_FLAGS = "-fno-objc-arc"; }; };
		EC8DF8B91CFAB8390052A9EF /* RegexKitLite.m in Sources */ = {isa = PBXBuildFile; fileRef = EC8DF8B81CFAB8390052A9EF /* RegexKitLite.m */; settings = {COMPILER_FLAGS = "-fno-objc-arc"; }; };
		EC8DF8EF1CFAC88B0052A9EF /* docroot in Resources */ = {isa = PBXBuildFile; fileRef = EC8DF8EE1CFAC88B0052A9EF /* docroot */; };
/* End PBXBuildFile section */

/* Begin PBXFileReference section */
		EC8DF8801CFA9B680052A9EF /* iPhoneLocalHttpServer.app */ = {isa = PBXFileReference; explicitFileType = wrapper.application; includeInIndex = 0; path = iPhoneLocalHttpServer.app; sourceTree = BUILT_PRODUCTS_DIR; };
		EC8DF8841CFA9B680052A9EF /* main.m */ = {isa = PBXFileReference; lastKnownFileType = sourcecode.c.objc; path = main.m; sourceTree = "<group>"; };
		EC8DF8861CFA9B680052A9EF /* AppDelegate.h */ = {isa = PBXFileReference; lastKnownFileType = sourcecode.c.h; path = AppDelegate.h; sourceTree = "<group>"; };
		EC8DF8871CFA9B680052A9EF /* AppDelegate.m */ = {isa = PBXFileReference; lastKnownFileType = sourcecode.c.objc; path = AppDelegate.m; sourceTree = "<group>"; };
		EC8DF8891CFA9B680052A9EF /* ViewController.h */ = {isa = PBXFileReference; lastKnownFileType = sourcecode.c.h; path = ViewController.h; sourceTree = "<group>"; };
		EC8DF88A1CFA9B680052A9EF /* ViewController.m */ = {isa = PBXFileReference; lastKnownFileType = sourcecode.c.objc; path = ViewController.m; sourceTree = "<group>"; };
		EC8DF88D1CFA9B680052A9EF /* Base */ = {isa = PBXFileReference; lastKnownFileType = file.storyboard; name = Base; path = Base.lproj/Main.storyboard; sourceTree = "<group>"; };
		EC8DF88F1CFA9B680052A9EF /* Assets.xcassets */ = {isa = PBXFileReference; lastKnownFileType = folder.assetcatalog; path = Assets.xcassets; sourceTree = "<group>"; };
		EC8DF8921CFA9B680052A9EF /* Base */ = {isa = PBXFileReference; lastKnownFileType = file.storyboard; name = Base; path = Base.lproj/LaunchScreen.storyboard; sourceTree = "<group>"; };
		EC8DF8941CFA9B680052A9EF /* Info.plist */ = {isa = PBXFileReference; lastKnownFileType = text.plist.xml; path = Info.plist; sourceTree = "<group>"; };
		EC8DF89B1CFAB7DC0052A9EF /* AsyncSocket.h */ = {isa = PBXFileReference; fileEncoding = 4; lastKnownFileType = sourcecode.c.h; path = AsyncSocket.h; sourceTree = "<group>"; };
		EC8DF89C1CFAB7DC0052A9EF /* AsyncSocket.m */ = {isa = PBXFileReference; fileEncoding = 4; lastKnownFileType = sourcecode.c.objc; path = AsyncSocket.m; sourceTree = "<group>"; };
		EC8DF89D1CFAB7DC0052A9EF /* DDData.h */ = {isa = PBXFileReference; fileEncoding = 4; lastKnownFileType = sourcecode.c.h; path = DDData.h; sourceTree = "<group>"; };
		EC8DF89E1CFAB7DC0052A9EF /* DDData.m */ = {isa = PBXFileReference; fileEncoding = 4; lastKnownFileType = sourcecode.c.objc; path = DDData.m; sourceTree = "<group>"; };
		EC8DF89F1CFAB7DC0052A9EF /* DDNumber.h */ = {isa = PBXFileReference; fileEncoding = 4; lastKnownFileType = sourcecode.c.h; path = DDNumber.h; sourceTree = "<group>"; };
		EC8DF8A01CFAB7DC0052A9EF /* DDNumber.m */ = {isa = PBXFileReference; fileEncoding = 4; lastKnownFileType = sourcecode.c.objc; path = DDNumber.m; sourceTree = "<group>"; };
		EC8DF8A11CFAB7DC0052A9EF /* DDRange.h */ = {isa = PBXFileReference; fileEncoding = 4; lastKnownFileType = sourcecode.c.h; path = DDRange.h; sourceTree = "<group>"; };
		EC8DF8A21CFAB7DC0052A9EF /* DDRange.m */ = {isa = PBXFileReference; fileEncoding = 4; lastKnownFileType = sourcecode.c.objc; path = DDRange.m; sourceTree = "<group>"; };
		EC8DF8A31CFAB7DC0052A9EF /* FileResource.h */ = {isa = PBXFileReference; fileEncoding = 4; lastKnownFileType = sourcecode.c.h; path = FileResource.h; sourceTree = "<group>"; };
		EC8DF8A41CFAB7DC0052A9EF /* FileResource.m */ = {isa = PBXFileReference; fileEncoding = 4; lastKnownFileType = sourcecode.c.objc; path = FileResource.m; sourceTree = "<group>"; };
		EC8DF8A51CFAB7DC0052A9EF /* HTTPAuthenticationRequest.h */ = {isa = PBXFileReference; fileEncoding = 4; lastKnownFileType = sourcecode.c.h; path = HTTPAuthenticationRequest.h; sourceTree = "<group>"; };
		EC8DF8A61CFAB7DD0052A9EF /* HTTPAuthenticationRequest.m */ = {isa = PBXFileReference; fileEncoding = 4; lastKnownFileType = sourcecode.c.objc; path = HTTPAuthenticationRequest.m; sourceTree = "<group>"; };
		EC8DF8A71CFAB7DD0052A9EF /* HTTPConnection.h */ = {isa = PBXFileReference; fileEncoding = 4; lastKnownFileType = sourcecode.c.h; path = HTTPConnection.h; sourceTree = "<group>"; };
		EC8DF8A81CFAB7DD0052A9EF /* HTTPConnection.m */ = {isa = PBXFileReference; fileEncoding = 4; lastKnownFileType = sourcecode.c.objc; path = HTTPConnection.m; sourceTree = "<group>"; };
		EC8DF8A91CFAB7DD0052A9EF /* HTTPResponse.h */ = {isa = PBXFileReference; fileEncoding = 4; lastKnownFileType = sourcecode.c.h; path = HTTPResponse.h; sourceTree = "<group>"; };
		EC8DF8AA1CFAB7DD0052A9EF /* HTTPResponse.m */ = {isa = PBXFileReference; fileEncoding = 4; lastKnownFileType = sourcecode.c.objc; path = HTTPResponse.m; sourceTree = "<group>"; };
		EC8DF8AB1CFAB7DD0052A9EF /* HTTPServer.h */ = {isa = PBXFileReference; fileEncoding = 4; lastKnownFileType = sourcecode.c.h; path = HTTPServer.h; sourceTree = "<group>"; };
		EC8DF8AC1CFAB7DD0052A9EF /* HTTPServer.m */ = {isa = PBXFileReference; fileEncoding = 4; lastKnownFileType = sourcecode.c.objc; path = HTTPServer.m; sourceTree = "<group>"; };
		EC8DF8B71CFAB8390052A9EF /* RegexKitLite.h */ = {isa = PBXFileReference; fileEncoding = 4; lastKnownFileType = sourcecode.c.h; path = RegexKitLite.h; sourceTree = "<group>"; };
		EC8DF8B81CFAB8390052A9EF /* RegexKitLite.m */ = {isa = PBXFileReference; fileEncoding = 4; lastKnownFileType = sourcecode.c.objc; path = RegexKitLite.m; sourceTree = "<group>"; };
		EC8DF8EE1CFAC88B0052A9EF /* docroot */ = {isa = PBXFileReference; lastKnownFileType = folder; name = docroot; path = iPhoneLocalHttpServer/docroot; sourceTree = "<group>"; };
/* End PBXFileReference section */

/* Begin PBXFrameworksBuildPhase section */
		EC8DF87D1CFA9B680052A9EF /* Frameworks */ = {
			isa = PBXFrameworksBuildPhase;
			buildActionMask = 2147483647;
			files = (
			);
			runOnlyForDeploymentPostprocessing = 0;
		};
/* End PBXFrameworksBuildPhase section */

/* Begin PBXGroup section */
		EC8DF8771CFA9B680052A9EF = {
			isa = PBXGroup;
			children = (
				EC8DF8EE1CFAC88B0052A9EF /* docroot */,
				EC8DF8821CFA9B680052A9EF /* iPhoneLocalHttpServer */,
				EC8DF8811CFA9B680052A9EF /* Products */,
			);
			sourceTree = "<group>";
		};
		EC8DF8811CFA9B680052A9EF /* Products */ = {
			isa = PBXGroup;
			children = (
				EC8DF8801CFA9B680052A9EF /* iPhoneLocalHttpServer.app */,
			);
			name = Products;
			sourceTree = "<group>";
		};
		EC8DF8821CFA9B680052A9EF /* iPhoneLocalHttpServer */ = {
			isa = PBXGroup;
			children = (
				EC8DF8C51CFAC0530052A9EF /* Resources */,
				EC8DF8B61CFAB8390052A9EF /* RegexKitLite */,
				EC8DF89A1CFAB7DC0052A9EF /* CocoaHTTPServer */,
				EC8DF8861CFA9B680052A9EF /* AppDelegate.h */,
				EC8DF8871CFA9B680052A9EF /* AppDelegate.m */,
				EC8DF8891CFA9B680052A9EF /* ViewController.h */,
				EC8DF88A1CFA9B680052A9EF /* ViewController.m */,
				EC8DF88C1CFA9B680052A9EF /* Main.storyboard */,
				EC8DF88F1CFA9B680052A9EF /* Assets.xcassets */,
				EC8DF8911CFA9B680052A9EF /* LaunchScreen.storyboard */,
				EC8DF8941CFA9B680052A9EF /* Info.plist */,
				EC8DF8831CFA9B680052A9EF /* Supporting Files */,
			);
			path = iPhoneLocalHttpServer;
			sourceTree = "<group>";
		};
		EC8DF8831CFA9B680052A9EF /* Supporting Files */ = {
			isa = PBXGroup;
			children = (
				EC8DF8841CFA9B680052A9EF /* main.m */,
			);
			name = "Supporting Files";
			sourceTree = "<group>";
		};
		EC8DF89A1CFAB7DC0052A9EF /* CocoaHTTPServer */ = {
			isa = PBXGroup;
			children = (
				EC8DF89B1CFAB7DC0052A9EF /* AsyncSocket.h */,
				EC8DF89C1CFAB7DC0052A9EF /* AsyncSocket.m */,
				EC8DF89D1CFAB7DC0052A9EF /* DDData.h */,
				EC8DF89E1CFAB7DC0052A9EF /* DDData.m */,
				EC8DF89F1CFAB7DC0052A9EF /* DDNumber.h */,
				EC8DF8A01CFAB7DC0052A9EF /* DDNumber.m */,
				EC8DF8A11CFAB7DC0052A9EF /* DDRange.h */,
				EC8DF8A21CFAB7DC0052A9EF /* DDRange.m */,
				EC8DF8A31CFAB7DC0052A9EF /* FileResource.h */,
				EC8DF8A41CFAB7DC0052A9EF /* FileResource.m */,
				EC8DF8A51CFAB7DC0052A9EF /* HTTPAuthenticationRequest.h */,
				EC8DF8A61CFAB7DD0052A9EF /* HTTPAuthenticationRequest.m */,
				EC8DF8A71CFAB7DD0052A9EF /* HTTPConnection.h */,
				EC8DF8A81CFAB7DD0052A9EF /* HTTPConnection.m */,
				EC8DF8A91CFAB7DD0052A9EF /* HTTPResponse.h */,
				EC8DF8AA1CFAB7DD0052A9EF /* HTTPResponse.m */,
				EC8DF8AB1CFAB7DD0052A9EF /* HTTPServer.h */,
				EC8DF8AC1CFAB7DD0052A9EF /* HTTPServer.m */,
			);
			path = CocoaHTTPServer;
			sourceTree = "<group>";
		};
		EC8DF8B61CFAB8390052A9EF /* RegexKitLite */ = {
			isa = PBXGroup;
			children = (
				EC8DF8B71CFAB8390052A9EF /* RegexKitLite.h */,
				EC8DF8B81CFAB8390052A9EF /* RegexKitLite.m */,
			);
			path = RegexKitLite;
			sourceTree = "<group>";
		};
		EC8DF8C51CFAC0530052A9EF /* Resources */ = {
			isa = PBXGroup;
			children = (
			);
			name = Resources;
			sourceTree = "<group>";
		};
/* End PBXGroup section */

/* Begin PBXNativeTarget section */
		EC8DF87F1CFA9B680052A9EF /* iPhoneLocalHttpServer */ = {
			isa = PBXNativeTarget;
			buildConfigurationList = EC8DF8971CFA9B680052A9EF /* Build configuration list for PBXNativeTarget "iPhoneLocalHttpServer" */;
			buildPhases = (
				EC8DF87C1CFA9B680052A9EF /* Sources */,
				EC8DF87D1CFA9B680052A9EF /* Frameworks */,
				EC8DF87E1CFA9B680052A9EF /* Resources */,
			);
			buildRules = (
			);
			dependencies = (
			);
			name = iPhoneLocalHttpServer;
			productName = iPhoneLocalHttpServer;
			productReference = EC8DF8801CFA9B680052A9EF /* iPhoneLocalHttpServer.app */;
			productType = "com.apple.product-type.application";
		};
/* End PBXNativeTarget section */

/* Begin PBXProject section */
		EC8DF8781CFA9B680052A9EF /* Project object */ = {
			isa = PBXProject;
			attributes = {
				LastUpgradeCheck = 0730;
				ORGANIZATIONNAME = huangjianwu;
				TargetAttributes = {
					EC8DF87F1CFA9B680052A9EF = {
						CreatedOnToolsVersion = 7.3;
					};
				};
			};
			buildConfigurationList = EC8DF87B1CFA9B680052A9EF /* Build configuration list for PBXProject "iPhoneLocalHttpServer" */;
			compatibilityVersion = "Xcode 3.2";
			developmentRegion = English;
			hasScannedForEncodings = 0;
			knownRegions = (
				en,
				Base,
			);
			mainGroup = EC8DF8771CFA9B680052A9EF;
			productRefGroup = EC8DF8811CFA9B680052A9EF /* Products */;
			projectDirPath = "";
			projectRoot = "";
			targets = (
				EC8DF87F1CFA9B680052A9EF /* iPhoneLocalHttpServer */,
			);
		};
/* End PBXProject section */

/* Begin PBXResourcesBuildPhase section */
		EC8DF87E1CFA9B680052A9EF /* Resources */ = {
			isa = PBXResourcesBuildPhase;
			buildActionMask = 2147483647;
			files = (
				EC8DF8EF1CFAC88B0052A9EF /* docroot in Resources */,
				EC8DF8931CFA9B680052A9EF /* LaunchScreen.storyboard in Resources */,
				EC8DF8901CFA9B680052A9EF /* Assets.xcassets in Resources */,
				EC8DF88E1CFA9B680052A9EF /* Main.storyboard in Resources */,
			);
			runOnlyForDeploymentPostprocessing = 0;
		};
/* End PBXResourcesBuildPhase section */

/* Begin PBXSourcesBuildPhase section */
		EC8DF87C1CFA9B680052A9EF /* Sources */ = {
			isa = PBXSourcesBuildPhase;
			buildActionMask = 2147483647;
			files = (
				EC8DF88B1CFA9B680052A9EF /* ViewController.m in Sources */,
				EC8DF8B11CFAB7DD0052A9EF /* FileResource.m in Sources */,
				EC8DF8B41CFAB7DD0052A9EF /* HTTPResponse.m in Sources */,
				EC8DF8881CFA9B680052A9EF /* AppDelegate.m in Sources */,
				EC8DF8B21CFAB7DD0052A9EF /* HTTPAuthenticationRequest.m in Sources */,
				EC8DF8B91CFAB8390052A9EF /* RegexKitLite.m in Sources */,
				EC8DF8B01CFAB7DD0052A9EF /* DDRange.m in Sources */,
				EC8DF8B51CFAB7DD0052A9EF /* HTTPServer.m in Sources */,
				EC8DF8AF1CFAB7DD0052A9EF /* DDNumber.m in Sources */,
				EC8DF8851CFA9B680052A9EF /* main.m in Sources */,
				EC8DF8AE1CFAB7DD0052A9EF /* DDData.m in Sources */,
				EC8DF8AD1CFAB7DD0052A9EF /* AsyncSocket.m in Sources */,
				EC8DF8B31CFAB7DD0052A9EF /* HTTPConnection.m in Sources */,
			);
			runOnlyForDeploymentPostprocessing = 0;
		};
/* End PBXSourcesBuildPhase section */

/* Begin PBXVariantGroup section */
		EC8DF88C1CFA9B680052A9EF /* Main.storyboard */ = {
			isa = PBXVariantGroup;
			children = (
				EC8DF88D1CFA9B680052A9EF /* Base */,
			);
			name = Main.storyboard;
			sourceTree = "<group>";
		};
		EC8DF8911CFA9B680052A9EF /* LaunchScreen.storyboard */ = {
			isa = PBXVariantGroup;
			children = (
				EC8DF8921CFA9B680052A9EF /* Base */,
			);
			name = LaunchScreen.storyboard;
			sourceTree = "<group>";
		};
/* End PBXVariantGroup section */

/* Begin XCBuildConfiguration section */
		EC8DF8951CFA9B680052A9EF /* Debug */ = {
			isa = XCBuildConfiguration;
			buildSettings = {
				ALWAYS_SEARCH_USER_PATHS = NO;
				CLANG_ANALYZER_NONNULL = YES;
				CLANG_CXX_LANGUAGE_STANDARD = "gnu++0x";
				CLANG_CXX_LIBRARY = "libc++";
				CLANG_ENABLE_MODULES = YES;
				CLANG_ENABLE_OBJC_ARC = YES;
				CLANG_WARN_BOOL_CONVERSION = YES;
				CLANG_WARN_CONSTANT_CONVERSION = YES;
				CLANG_WARN_DIRECT_OBJC_ISA_USAGE = YES_ERROR;
				CLANG_WARN_EMPTY_BODY = YES;
				CLANG_WARN_ENUM_CONVERSION = YES;
				CLANG_WARN_INT_CONVERSION = YES;
				CLANG_WARN_OBJC_ROOT_CLASS = YES_ERROR;
				CLANG_WARN_UNREACHABLE_CODE = YES;
				CLANG_WARN__DUPLICATE_METHOD_MATCH = YES;
				"CODE_SIGN_IDENTITY[sdk=iphoneos*]" = "iPhone Developer";
				COPY_PHASE_STRIP = NO;
				DEBUG_INFORMATION_FORMAT = dwarf;
				ENABLE_STRICT_OBJC_MSGSEND = YES;
				ENABLE_TESTABILITY = YES;
				GCC_C_LANGUAGE_STANDARD = gnu99;
				GCC_DYNAMIC_NO_PIC = NO;
				GCC_NO_COMMON_BLOCKS = YES;
				GCC_OPTIMIZATION_LEVEL = 0;
				GCC_PREPROCESSOR_DEFINITIONS = (
					"DEBUG=1",
					"$(inherited)",
				);
				GCC_WARN_64_TO_32_BIT_CONVERSION = YES;
				GCC_WARN_ABOUT_RETURN_TYPE = YES_ERROR;
				GCC_WARN_UNDECLARED_SELECTOR = YES;
				GCC_WARN_UNINITIALIZED_AUTOS = YES_AGGRESSIVE;
				GCC_WARN_UNUSED_FUNCTION = YES;
				GCC_WARN_UNUSED_VARIABLE = YES;
				IPHONEOS_DEPLOYMENT_TARGET = 8.4;
				MTL_ENABLE_DEBUG_INFO = YES;
				ONLY_ACTIVE_ARCH = YES;
				SDKROOT = iphoneos;
				TARGETED_DEVICE_FAMILY = "1,2";
			};
			name = Debug;
		};
		EC8DF8961CFA9B680052A9EF /* Release */ = {
			isa = XCBuildConfiguration;
			buildSettings = {
				ALWAYS_SEARCH_USER_PATHS = NO;
				CLANG_ANALYZER_NONNULL = YES;
				CLANG_CXX_LANGUAGE_STANDARD = "gnu++0x";
				CLANG_CXX_LIBRARY = "libc++";
				CLANG_ENABLE_MODULES = YES;
				CLANG_ENABLE_OBJC_ARC = YES;
				CLANG_WARN_BOOL_CONVERSION = YES;
				CLANG_WARN_CONSTANT_CONVERSION = YES;
				CLANG_WARN_DIRECT_OBJC_ISA_USAGE = YES_ERROR;
				CLANG_WARN_EMPTY_BODY = YES;
				CLANG_WARN_ENUM_CONVERSION = YES;
				CLANG_WARN_INT_CONVERSION = YES;
				CLANG_WARN_OBJC_ROOT_CLASS = YES_ERROR;
				CLANG_WARN_UNREACHABLE_CODE = YES;
				CLANG_WARN__DUPLICATE_METHOD_MATCH = YES;
				"CODE_SIGN_IDENTITY[sdk=iphoneos*]" = "iPhone Developer";
				COPY_PHASE_STRIP = NO;
				DEBUG_INFORMATION_FORMAT = "dwarf-with-dsym";
				ENABLE_NS_ASSERTIONS = NO;
				ENABLE_STRICT_OBJC_MSGSEND = YES;
				GCC_C_LANGUAGE_STANDARD = gnu99;
				GCC_NO_COMMON_BLOCKS = YES;
				GCC_WARN_64_TO_32_BIT_CONVERSION = YES;
				GCC_WARN_ABOUT_RETURN_TYPE = YES_ERROR;
				GCC_WARN_UNDECLARED_SELECTOR = YES;
				GCC_WARN_UNINITIALIZED_AUTOS = YES_AGGRESSIVE;
				GCC_WARN_UNUSED_FUNCTION = YES;
				GCC_WARN_UNUSED_VARIABLE = YES;
				IPHONEOS_DEPLOYMENT_TARGET = 8.4;
				MTL_ENABLE_DEBUG_INFO = NO;
				SDKROOT = iphoneos;
				TARGETED_DEVICE_FAMILY = "1,2";
				VALIDATE_PRODUCT = YES;
			};
			name = Release;
		};
		EC8DF8981CFA9B680052A9EF /* Debug */ = {
			isa = XCBuildConfiguration;
			buildSettings = {
				ASSETCATALOG_COMPILER_APPICON_NAME = AppIcon;
				CODE_SIGN_IDENTITY = "iPhone Developer: jianwu huang (783B2BFYJC)";
				"CODE_SIGN_IDENTITY[sdk=iphoneos*]" = "iPhone Developer: jianwu huang (783B2BFYJC)";
				INFOPLIST_FILE = iPhoneLocalHttpServer/Info.plist;
				LD_RUNPATH_SEARCH_PATHS = "$(inherited) @executable_path/Frameworks";
				OTHER_LDFLAGS = "-licucore";
				PRODUCT_BUNDLE_IDENTIFIER = com.hw.iPhoneLocalHttpServer;
				PRODUCT_NAME = "$(TARGET_NAME)";
				PROVISIONING_PROFILE = "1dd1efa1-553e-4946-b0c7-add12733a570";
			};
			name = Debug;
		};
		EC8DF8991CFA9B680052A9EF /* Release */ = {
			isa = XCBuildConfiguration;
			buildSettings = {
				ASSETCATALOG_COMPILER_APPICON_NAME = AppIcon;
				CODE_SIGN_IDENTITY = "iPhone Distribution: jianwu huang (K3KX659AR4)";
				"CODE_SIGN_IDENTITY[sdk=iphoneos*]" = "iPhone Distribution: jianwu huang (K3KX659AR4)";
				INFOPLIST_FILE = iPhoneLocalHttpServer/Info.plist;
				LD_RUNPATH_SEARCH_PATHS = "$(inherited) @executable_path/Frameworks";
				OTHER_LDFLAGS = "-licucore";
				PRODUCT_BUNDLE_IDENTIFIER = com.hw.iPhoneLocalHttpServer;
				PRODUCT_NAME = "$(TARGET_NAME)";
				PROVISIONING_PROFILE = "1462e78b-7275-4a79-9b1c-f8444d195ced";
			};
			name = Release;
		};
/* End XCBuildConfiguration section */

/* Begin XCConfigurationList section */
		EC8DF87B1CFA9B680052A9EF /* Build configuration list for PBXProject "iPhoneLocalHttpServer" */ = {
			isa = XCConfigurationList;
			buildConfigurations = (
				EC8DF8951CFA9B680052A9EF /* Debug */,
				EC8DF8961CFA9B680052A9EF /* Release */,
			);
			defaultConfigurationIsVisible = 0;
			defaultConfigurationName = Release;
		};
		EC8DF8971CFA9B680052A9EF /* Build configuration list for PBXNativeTarget "iPhoneLocalHttpServer" */ = {
			isa = XCConfigurationList;
			buildConfigurations = (
				EC8DF8981CFA9B680052A9EF /* Debug */,
				EC8DF8991CFA9B680052A9EF /* Release */,
			);
			defaultConfigurationIsVisible = 0;
			defaultConfigurationName = Release;
		};
/* End XCConfigurationList section */
	};
	rootObject = EC8DF8781CFA9B680052A9EF /* Project object */;
}
